
Microsoft Visual Studio Solution File, Format Version 12.00
# Visual Studio 15
VisualStudioVersion = 15.0.27428.2015
MinimumVisualStudioVersion = 10.0.40219.1
Project("{FAE04EC0-301F-11D3-BF4B-00C04F79EFBC}") = "Ch03Ex01", "Ch03Ex01\Ch03Ex01.csproj", "{93FFF9DD-EC03-4EFD-8A95-009677C328E6}"
EndProject
Global
	GlobalSection(SolutionConfigurationPlatforms) = preSolution
		Debug|Any CPU = Debug|Any CPU
		Release|Any CPU = Release|Any CPU
	EndGlobalSection
	GlobalSection(ProjectConfigurationPlatforms) = postSolution
		{93FFF9DD-EC03-4EFD-8A95-009677C328E6}.Debug|Any CPU.ActiveCfg = Debug|Any CPU
		{93FFF9DD-EC03-4EFD-8A95-009677C328E6}.Debug|Any CPU.Build.0 = Debug|Any CPU
		{93FFF9DD-EC03-4EFD-8A95-009677C328E6}.Release|Any CPU.ActiveCfg = Release|Any CPU
		{93FFF9DD-EC03-4EFD-8A95-009677C328E6}.Release|Any CPU.Build.0 = Release|Any CPU
	EndGlobalSection
	GlobalSection(SolutionProperties) = preSolution
		HideSolutionNode = FALSE
	EndGlobalSection
	GlobalSection(ExtensibilityGlobals) = postSolution
		SolutionGuid = {F2B3ECF7-3CC8-4794-AB6D-AB293B41C80A}
	EndGlobalSection
EndGlobal
