
Microsoft Visual Studio Solution File, Format Version 12.00
# Visual Studio 15
VisualStudioVersion = 15.0.27428.2015
MinimumVisualStudioVersion = 10.0.40219.1
Project("{FAE04EC0-301F-11D3-BF4B-00C04F79EFBC}") = "Ch05Ex03", "Ch05Ex03\Ch05Ex03.csproj", "{B99FE737-5946-451A-BBBE-BF93B0774AFB}"
EndProject
Global
	GlobalSection(SolutionConfigurationPlatforms) = preSolution
		Debug|Any CPU = Debug|Any CPU
		Release|Any CPU = Release|Any CPU
	EndGlobalSection
	GlobalSection(ProjectConfigurationPlatforms) = postSolution
		{B99FE737-5946-451A-BBBE-BF93B0774AFB}.Debug|Any CPU.ActiveCfg = Debug|Any CPU
		{B99FE737-5946-451A-BBBE-BF93B0774AFB}.Debug|Any CPU.Build.0 = Debug|Any CPU
		{B99FE737-5946-451A-BBBE-BF93B0774AFB}.Release|Any CPU.ActiveCfg = Release|Any CPU
		{B99FE737-5946-451A-BBBE-BF93B0774AFB}.Release|Any CPU.Build.0 = Release|Any CPU
	EndGlobalSection
	GlobalSection(SolutionProperties) = preSolution
		HideSolutionNode = FALSE
	EndGlobalSection
	GlobalSection(ExtensibilityGlobals) = postSolution
		SolutionGuid = {1CE50C57-FA4B-4D3B-B628-33FC8E0B117C}
	EndGlobalSection
EndGlobal
